
Microsoft Visual Studio Solution File, Format Version 12.00
# Visual Studio 14
VisualStudioVersion = 14.0.25420.1
MinimumVisualStudioVersion = 10.0.40219.1
Project("{FAE04EC0-301F-11D3-BF4B-00C04F79EFBC}") = "Ex02_Othelo", "..\Ex02_Othelo\Ex02_Othelo Ohad305070831 Tomer 204381487\Project1\Ex02_Othelo.csproj", "{8285E164-A9DD-42A7-9BBC-DC250E678EE6}"
EndProject
Project("{FAE04EC0-301F-11D3-BF4B-00C04F79EFBC}") = "Players Data", "..\Ex02_Othelo\Ex02_Othelo Ohad305070831 Tomer 204381487\User_Interface\Players Data.csproj", "{5368F9F8-D63D-4F9A-B094-24540E573255}"
EndProject
Project("{FAE04EC0-301F-11D3-BF4B-00C04F79EFBC}") = "Game Logic and Data", "..\Ex02_Othelo\Ex02_Othelo Ohad305070831 Tomer 204381487\Game Logic and Data\Game Logic and Data.csproj", "{3AC78557-6822-480B-8B24-365C823B4BBB}"
EndProject
Project("{FAE04EC0-301F-11D3-BF4B-00C04F79EFBC}") = "Othelo", "..\Ex02_Othelo\Ex02_Othelo Ohad305070831 Tomer 204381487\GameManager\Othelo.csproj", "{AF67E1ED-087E-4657-AFB4-922539DB4B3A}"
EndProject
Global
	GlobalSection(SolutionConfigurationPlatforms) = preSolution
		Debug|Any CPU = Debug|Any CPU
		Release|Any CPU = Release|Any CPU
	EndGlobalSection
	GlobalSection(ProjectConfigurationPlatforms) = postSolution
		{8285E164-A9DD-42A7-9BBC-DC250E678EE6}.Debug|Any CPU.ActiveCfg = Debug|Any CPU
		{8285E164-A9DD-42A7-9BBC-DC250E678EE6}.Debug|Any CPU.Build.0 = Debug|Any CPU
		{8285E164-A9DD-42A7-9BBC-DC250E678EE6}.Release|Any CPU.ActiveCfg = Release|Any CPU
		{8285E164-A9DD-42A7-9BBC-DC250E678EE6}.Release|Any CPU.Build.0 = Release|Any CPU
		{5368F9F8-D63D-4F9A-B094-24540E573255}.Debug|Any CPU.ActiveCfg = Debug|Any CPU
		{5368F9F8-D63D-4F9A-B094-24540E573255}.Debug|Any CPU.Build.0 = Debug|Any CPU
		{5368F9F8-D63D-4F9A-B094-24540E573255}.Release|Any CPU.ActiveCfg = Release|Any CPU
		{5368F9F8-D63D-4F9A-B094-24540E573255}.Release|Any CPU.Build.0 = Release|Any CPU
		{3AC78557-6822-480B-8B24-365C823B4BBB}.Debug|Any CPU.ActiveCfg = Debug|Any CPU
		{3AC78557-6822-480B-8B24-365C823B4BBB}.Debug|Any CPU.Build.0 = Debug|Any CPU
		{3AC78557-6822-480B-8B24-365C823B4BBB}.Release|Any CPU.ActiveCfg = Release|Any CPU
		{3AC78557-6822-480B-8B24-365C823B4BBB}.Release|Any CPU.Build.0 = Release|Any CPU
		{AF67E1ED-087E-4657-AFB4-922539DB4B3A}.Debug|Any CPU.ActiveCfg = Debug|Any CPU
		{AF67E1ED-087E-4657-AFB4-922539DB4B3A}.Debug|Any CPU.Build.0 = Debug|Any CPU
		{AF67E1ED-087E-4657-AFB4-922539DB4B3A}.Release|Any CPU.ActiveCfg = Release|Any CPU
		{AF67E1ED-087E-4657-AFB4-922539DB4B3A}.Release|Any CPU.Build.0 = Release|Any CPU
	EndGlobalSection
	GlobalSection(SolutionProperties) = preSolution
		HideSolutionNode = FALSE
	EndGlobalSection
EndGlobal
