
Microsoft Visual Studio Solution File, Format Version 12.00
# Visual Studio 14
VisualStudioVersion = 14.0.25420.1
MinimumVisualStudioVersion = 10.0.40219.1
Project("{FAE04EC0-301F-11D3-BF4B-00C04F79EFBC}") = "B19 Ex02 Ohad 305070831 Tomer 204381487", "B19 Ex02 Ohad 305070831 Tomer 204381487\B19 Ex02 Ohad 305070831 Tomer 204381487.csproj", "{386730A1-9901-46E0-84CE-A91952D5E3EE}"
EndProject
Project("{FAE04EC0-301F-11D3-BF4B-00C04F79EFBC}") = "Othelo", "Othelo\Othelo.csproj", "{4479911B-5D6A-44E4-AA92-389FD93D7DAE}"
EndProject
Project("{FAE04EC0-301F-11D3-BF4B-00C04F79EFBC}") = "Player Data", "Player Data\Player Data.csproj", "{FB759FB4-6F2E-41DF-93C7-54C0B1880AEE}"
EndProject
Project("{FAE04EC0-301F-11D3-BF4B-00C04F79EFBC}") = "Game Logic and Data", "Game Logic and Data\Game Logic and Data.csproj", "{729A2641-3770-4CF7-BE3E-C82D799E2EA1}"
EndProject
Global
	GlobalSection(SolutionConfigurationPlatforms) = preSolution
		Debug|Any CPU = Debug|Any CPU
		Release|Any CPU = Release|Any CPU
	EndGlobalSection
	GlobalSection(ProjectConfigurationPlatforms) = postSolution
		{386730A1-9901-46E0-84CE-A91952D5E3EE}.Debug|Any CPU.ActiveCfg = Debug|Any CPU
		{386730A1-9901-46E0-84CE-A91952D5E3EE}.Debug|Any CPU.Build.0 = Debug|Any CPU
		{386730A1-9901-46E0-84CE-A91952D5E3EE}.Release|Any CPU.ActiveCfg = Release|Any CPU
		{386730A1-9901-46E0-84CE-A91952D5E3EE}.Release|Any CPU.Build.0 = Release|Any CPU
		{4479911B-5D6A-44E4-AA92-389FD93D7DAE}.Debug|Any CPU.ActiveCfg = Debug|Any CPU
		{4479911B-5D6A-44E4-AA92-389FD93D7DAE}.Debug|Any CPU.Build.0 = Debug|Any CPU
		{4479911B-5D6A-44E4-AA92-389FD93D7DAE}.Release|Any CPU.ActiveCfg = Release|Any CPU
		{4479911B-5D6A-44E4-AA92-389FD93D7DAE}.Release|Any CPU.Build.0 = Release|Any CPU
		{FB759FB4-6F2E-41DF-93C7-54C0B1880AEE}.Debug|Any CPU.ActiveCfg = Debug|Any CPU
		{FB759FB4-6F2E-41DF-93C7-54C0B1880AEE}.Debug|Any CPU.Build.0 = Debug|Any CPU
		{FB759FB4-6F2E-41DF-93C7-54C0B1880AEE}.Release|Any CPU.ActiveCfg = Release|Any CPU
		{FB759FB4-6F2E-41DF-93C7-54C0B1880AEE}.Release|Any CPU.Build.0 = Release|Any CPU
		{729A2641-3770-4CF7-BE3E-C82D799E2EA1}.Debug|Any CPU.ActiveCfg = Debug|Any CPU
		{729A2641-3770-4CF7-BE3E-C82D799E2EA1}.Debug|Any CPU.Build.0 = Debug|Any CPU
		{729A2641-3770-4CF7-BE3E-C82D799E2EA1}.Release|Any CPU.ActiveCfg = Release|Any CPU
		{729A2641-3770-4CF7-BE3E-C82D799E2EA1}.Release|Any CPU.Build.0 = Release|Any CPU
	EndGlobalSection
	GlobalSection(SolutionProperties) = preSolution
		HideSolutionNode = FALSE
	EndGlobalSection
EndGlobal
